// !$*UTF8*$!
{
	archiveVersion = 1;
	classes = {
	};
	objectVersion = 50;
	objects = {

/* Begin PBXBuildFile section */
		2641A3E0B6E17A5D547B0890 /* Pods_iTunes_API.framework in Frameworks */ = {isa = PBXBuildFile; fileRef = D6526DB97D57D74BB629A058 /* Pods_iTunes_API.framework */; };
		8246B5772657809700EBBDCE /* AppDelegate.swift in Sources */ = {isa = PBXBuildFile; fileRef = 8246B5762657809700EBBDCE /* AppDelegate.swift */; };
		8246B5792657809700EBBDCE /* SceneDelegate.swift in Sources */ = {isa = PBXBuildFile; fileRef = 8246B5782657809700EBBDCE /* SceneDelegate.swift */; };
		8246B57B2657809700EBBDCE /* ViewController.swift in Sources */ = {isa = PBXBuildFile; fileRef = 8246B57A2657809700EBBDCE /* ViewController.swift */; };
		8246B57E2657809700EBBDCE /* Main.storyboard in Resources */ = {isa = PBXBuildFile; fileRef = 8246B57C2657809700EBBDCE /* Main.storyboard */; };
		8246B5802657809800EBBDCE /* Assets.xcassets in Resources */ = {isa = PBXBuildFile; fileRef = 8246B57F2657809800EBBDCE /* Assets.xcassets */; };
		8246B5832657809800EBBDCE /* LaunchScreen.storyboard in Resources */ = {isa = PBXBuildFile; fileRef = 8246B5812657809800EBBDCE /* LaunchScreen.storyboard */; };
/* End PBXBuildFile section */

/* Begin PBXFileReference section */
		3E15C04785F311905832A16C /* Pods-iTunes API.release.xcconfig */ = {isa = PBXFileReference; includeInIndex = 1; lastKnownFileType = text.xcconfig; name = "Pods-iTunes API.release.xcconfig"; path = "Target Support Files/Pods-iTunes API/Pods-iTunes API.release.xcconfig"; sourceTree = "<group>"; };
		8246B5732657809700EBBDCE /* iTunes API.app */ = {isa = PBXFileReference; explicitFileType = wrapper.application; includeInIndex = 0; path = "iTunes API.app"; sourceTree = BUILT_PRODUCTS_DIR; };
		8246B5762657809700EBBDCE /* AppDelegate.swift */ = {isa = PBXFileReference; lastKnownFileType = sourcecode.swift; path = AppDelegate.swift; sourceTree = "<group>"; };
		8246B5782657809700EBBDCE /* SceneDelegate.swift */ = {isa = PBXFileReference; lastKnownFileType = sourcecode.swift; path = SceneDelegate.swift; sourceTree = "<group>"; };
		8246B57A2657809700EBBDCE /* ViewController.swift */ = {isa = PBXFileReference; lastKnownFileType = sourcecode.swift; path = ViewController.swift; sourceTree = "<group>"; };
		8246B57D2657809700EBBDCE /* Base */ = {isa = PBXFileReference; lastKnownFileType = file.storyboard; name = Base; path = Base.lproj/Main.storyboard; sourceTree = "<group>"; };
		8246B57F2657809800EBBDCE /* Assets.xcassets */ = {isa = PBXFileReference; lastKnownFileType = folder.assetcatalog; path = Assets.xcassets; sourceTree = "<group>"; };
		8246B5822657809800EBBDCE /* Base */ = {isa = PBXFileReference; lastKnownFileType = file.storyboard; name = Base; path = Base.lproj/LaunchScreen.storyboard; sourceTree = "<group>"; };
		8246B5842657809800EBBDCE /* Info.plist */ = {isa = PBXFileReference; lastKnownFileType = text.plist.xml; path = Info.plist; sourceTree = "<group>"; };
		D6526DB97D57D74BB629A058 /* Pods_iTunes_API.framework */ = {isa = PBXFileReference; explicitFileType = wrapper.framework; includeInIndex = 0; path = Pods_iTunes_API.framework; sourceTree = BUILT_PRODUCTS_DIR; };
		F18733D592EA5EECEE7B4FBE /* Pods-iTunes API.debug.xcconfig */ = {isa = PBXFileReference; includeInIndex = 1; lastKnownFileType = text.xcconfig; name = "Pods-iTunes API.debug.xcconfig"; path = "Target Support Files/Pods-iTunes API/Pods-iTunes API.debug.xcconfig"; sourceTree = "<group>"; };
/* End PBXFileReference section */

/* Begin PBXFrameworksBuildPhase section */
		8246B5702657809700EBBDCE /* Frameworks */ = {
			isa = PBXFrameworksBuildPhase;
			buildActionMask = 2147483647;
			files = (
				2641A3E0B6E17A5D547B0890 /* Pods_iTunes_API.framework in Frameworks */,
			);
			runOnlyForDeploymentPostprocessing = 0;
		};
/* End PBXFrameworksBuildPhase section */

/* Begin PBXGroup section */
		3AE4DA669B5DA79746E0C85E /* Pods */ = {
			isa = PBXGroup;
			children = (
				F18733D592EA5EECEE7B4FBE /* Pods-iTunes API.debug.xcconfig */,
				3E15C04785F311905832A16C /* Pods-iTunes API.release.xcconfig */,
			);
			name = Pods;
			path = Pods;
			sourceTree = "<group>";
		};
		636AC4E66A91D41C2B21B1AA /* Frameworks */ = {
			isa = PBXGroup;
			children = (
				D6526DB97D57D74BB629A058 /* Pods_iTunes_API.framework */,
			);
			name = Frameworks;
			sourceTree = "<group>";
		};
		8246B56A2657809700EBBDCE = {
			isa = PBXGroup;
			children = (
				8246B5752657809700EBBDCE /* iTunes API */,
				8246B5742657809700EBBDCE /* Products */,
				3AE4DA669B5DA79746E0C85E /* Pods */,
				636AC4E66A91D41C2B21B1AA /* Frameworks */,
			);
			sourceTree = "<group>";
		};
		8246B5742657809700EBBDCE /* Products */ = {
			isa = PBXGroup;
			children = (
				8246B5732657809700EBBDCE /* iTunes API.app */,
			);
			name = Products;
			sourceTree = "<group>";
		};
		8246B5752657809700EBBDCE /* iTunes API */ = {
			isa = PBXGroup;
			children = (
				8246B5762657809700EBBDCE /* AppDelegate.swift */,
				8246B5782657809700EBBDCE /* SceneDelegate.swift */,
				8246B57A2657809700EBBDCE /* ViewController.swift */,
				8246B57C2657809700EBBDCE /* Main.storyboard */,
				8246B57F2657809800EBBDCE /* Assets.xcassets */,
				8246B5812657809800EBBDCE /* LaunchScreen.storyboard */,
				8246B5842657809800EBBDCE /* Info.plist */,
			);
			path = "iTunes API";
			sourceTree = "<group>";
		};
/* End PBXGroup section */

/* Begin PBXNativeTarget section */
		8246B5722657809700EBBDCE /* iTunes API */ = {
			isa = PBXNativeTarget;
			buildConfigurationList = 8246B5872657809800EBBDCE /* Build configuration list for PBXNativeTarget "iTunes API" */;
			buildPhases = (
				27997BC8B715E9390AF7794B /* [CP] Check Pods Manifest.lock */,
				8246B56F2657809700EBBDCE /* Sources */,
				8246B5702657809700EBBDCE /* Frameworks */,
				8246B5712657809700EBBDCE /* Resources */,
				ACDAEE77CFAFBE9D0462A618 /* [CP] Embed Pods Frameworks */,
			);
			buildRules = (
			);
			dependencies = (
			);
			name = "iTunes API";
			productName = "iTunes API";
			productReference = 8246B5732657809700EBBDCE /* iTunes API.app */;
			productType = "com.apple.product-type.application";
		};
/* End PBXNativeTarget section */

/* Begin PBXProject section */
		8246B56B2657809700EBBDCE /* Project object */ = {
			isa = PBXProject;
			attributes = {
				LastSwiftUpdateCheck = 1250;
				LastUpgradeCheck = 1250;
				TargetAttributes = {
					8246B5722657809700EBBDCE = {
						CreatedOnToolsVersion = 12.5;
					};
				};
			};
			buildConfigurationList = 8246B56E2657809700EBBDCE /* Build configuration list for PBXProject "iTunes API" */;
			compatibilityVersion = "Xcode 9.3";
			developmentRegion = en;
			hasScannedForEncodings = 0;
			knownRegions = (
				en,
				Base,
			);
			mainGroup = 8246B56A2657809700EBBDCE;
			productRefGroup = 8246B5742657809700EBBDCE /* Products */;
			projectDirPath = "";
			projectRoot = "";
			targets = (
				8246B5722657809700EBBDCE /* iTunes API */,
			);
		};
/* End PBXProject section */

/* Begin PBXResourcesBuildPhase section */
		8246B5712657809700EBBDCE /* Resources */ = {
			isa = PBXResourcesBuildPhase;
			buildActionMask = 2147483647;
			files = (
				8246B5832657809800EBBDCE /* LaunchScreen.storyboard in Resources */,
				8246B5802657809800EBBDCE /* Assets.xcassets in Resources */,
				8246B57E2657809700EBBDCE /* Main.storyboard in Resources */,
			);
			runOnlyForDeploymentPostprocessing = 0;
		};
/* End PBXResourcesBuildPhase section */

/* Begin PBXShellScriptBuildPhase section */
		27997BC8B715E9390AF7794B /* [CP] Check Pods Manifest.lock */ = {
			isa = PBXShellScriptBuildPhase;
			buildActionMask = 2147483647;
			files = (
			);
			inputFileListPaths = (
			);
			inputPaths = (
				"${PODS_PODFILE_DIR_PATH}/Podfile.lock",
				"${PODS_ROOT}/Manifest.lock",
			);
			name = "[CP] Check Pods Manifest.lock";
			outputFileListPaths = (
			);
			outputPaths = (
				"$(DERIVED_FILE_DIR)/Pods-iTunes API-checkManifestLockResult.txt",
			);
			runOnlyForDeploymentPostprocessing = 0;
			shellPath = /bin/sh;
			shellScript = "diff \"${PODS_PODFILE_DIR_PATH}/Podfile.lock\" \"${PODS_ROOT}/Manifest.lock\" > /dev/null\nif [ $? != 0 ] ; then\n    # print error to STDERR\n    echo \"error: The sandbox is not in sync with the Podfile.lock. Run 'pod install' or update your CocoaPods installation.\" >&2\n    exit 1\nfi\n# This output is used by Xcode 'outputs' to avoid re-running this script phase.\necho \"SUCCESS\" > \"${SCRIPT_OUTPUT_FILE_0}\"\n";
			showEnvVarsInLog = 0;
		};
		ACDAEE77CFAFBE9D0462A618 /* [CP] Embed Pods Frameworks */ = {
			isa = PBXShellScriptBuildPhase;
			buildActionMask = 2147483647;
			files = (
			);
			inputFileListPaths = (
				"${PODS_ROOT}/Target Support Files/Pods-iTunes API/Pods-iTunes API-frameworks-${CONFIGURATION}-input-files.xcfilelist",
			);
			name = "[CP] Embed Pods Frameworks";
			outputFileListPaths = (
				"${PODS_ROOT}/Target Support Files/Pods-iTunes API/Pods-iTunes API-frameworks-${CONFIGURATION}-output-files.xcfilelist",
			);
			runOnlyForDeploymentPostprocessing = 0;
			shellPath = /bin/sh;
			shellScript = "\"${PODS_ROOT}/Target Support Files/Pods-iTunes API/Pods-iTunes API-frameworks.sh\"\n";
			showEnvVarsInLog = 0;
		};
/* End PBXShellScriptBuildPhase section */

/* Begin PBXSourcesBuildPhase section */
		8246B56F2657809700EBBDCE /* Sources */ = {
			isa = PBXSourcesBuildPhase;
			buildActionMask = 2147483647;
			files = (
				8246B57B2657809700EBBDCE /* ViewController.swift in Sources */,
				8246B5772657809700EBBDCE /* AppDelegate.swift in Sources */,
				8246B5792657809700EBBDCE /* SceneDelegate.swift in Sources */,
			);
			runOnlyForDeploymentPostprocessing = 0;
		};
/* End PBXSourcesBuildPhase section */

/* Begin PBXVariantGroup section */
		8246B57C2657809700EBBDCE /* Main.storyboard */ = {
			isa = PBXVariantGroup;
			children = (
				8246B57D2657809700EBBDCE /* Base */,
			);
			name = Main.storyboard;
			sourceTree = "<group>";
		};
		8246B5812657809800EBBDCE /* LaunchScreen.storyboard */ = {
			isa = PBXVariantGroup;
			children = (
				8246B5822657809800EBBDCE /* Base */,
			);
			name = LaunchScreen.storyboard;
			sourceTree = "<group>";
		};
/* End PBXVariantGroup section */

/* Begin XCBuildConfiguration section */
		8246B5852657809800EBBDCE /* Debug */ = {
			isa = XCBuildConfiguration;
			buildSettings = {
				ALWAYS_SEARCH_USER_PATHS = NO;
				CLANG_ANALYZER_NONNULL = YES;
				CLANG_ANALYZER_NUMBER_OBJECT_CONVERSION = YES_AGGRESSIVE;
				CLANG_CXX_LANGUAGE_STANDARD = "gnu++14";
				CLANG_CXX_LIBRARY = "libc++";
				CLANG_ENABLE_MODULES = YES;
				CLANG_ENABLE_OBJC_ARC = YES;
				CLANG_ENABLE_OBJC_WEAK = YES;
				CLANG_WARN_BLOCK_CAPTURE_AUTORELEASING = YES;
				CLANG_WARN_BOOL_CONVERSION = YES;
				CLANG_WARN_COMMA = YES;
				CLANG_WARN_CONSTANT_CONVERSION = YES;
				CLANG_WARN_DEPRECATED_OBJC_IMPLEMENTATIONS = YES;
				CLANG_WARN_DIRECT_OBJC_ISA_USAGE = YES_ERROR;
				CLANG_WARN_DOCUMENTATION_COMMENTS = YES;
				CLANG_WARN_EMPTY_BODY = YES;
				CLANG_WARN_ENUM_CONVERSION = YES;
				CLANG_WARN_INFINITE_RECURSION = YES;
				CLANG_WARN_INT_CONVERSION = YES;
				CLANG_WARN_NON_LITERAL_NULL_CONVERSION = YES;
				CLANG_WARN_OBJC_IMPLICIT_RETAIN_SELF = YES;
				CLANG_WARN_OBJC_LITERAL_CONVERSION = YES;
				CLANG_WARN_OBJC_ROOT_CLASS = YES_ERROR;
				CLANG_WARN_QUOTED_INCLUDE_IN_FRAMEWORK_HEADER = YES;
				CLANG_WARN_RANGE_LOOP_ANALYSIS = YES;
				CLANG_WARN_STRICT_PROTOTYPES = YES;
				CLANG_WARN_SUSPICIOUS_MOVE = YES;
				CLANG_WARN_UNGUARDED_AVAILABILITY = YES_AGGRESSIVE;
				CLANG_WARN_UNREACHABLE_CODE = YES;
				CLANG_WARN__DUPLICATE_METHOD_MATCH = YES;
				COPY_PHASE_STRIP = NO;
				DEBUG_INFORMATION_FORMAT = dwarf;
				ENABLE_STRICT_OBJC_MSGSEND = YES;
				ENABLE_TESTABILITY = YES;
				GCC_C_LANGUAGE_STANDARD = gnu11;
				GCC_DYNAMIC_NO_PIC = NO;
				GCC_NO_COMMON_BLOCKS = YES;
				GCC_OPTIMIZATION_LEVEL = 0;
				GCC_PREPROCESSOR_DEFINITIONS = (
					"DEBUG=1",
					"$(inherited)",
				);
				GCC_WARN_64_TO_32_BIT_CONVERSION = YES;
				GCC_WARN_ABOUT_RETURN_TYPE = YES_ERROR;
				GCC_WARN_UNDECLARED_SELECTOR = YES;
				GCC_WARN_UNINITIALIZED_AUTOS = YES_AGGRESSIVE;
				GCC_WARN_UNUSED_FUNCTION = YES;
				GCC_WARN_UNUSED_VARIABLE = YES;
				IPHONEOS_DEPLOYMENT_TARGET = 14.5;
				MTL_ENABLE_DEBUG_INFO = INCLUDE_SOURCE;
				MTL_FAST_MATH = YES;
				ONLY_ACTIVE_ARCH = YES;
				SDKROOT = iphoneos;
				SWIFT_ACTIVE_COMPILATION_CONDITIONS = DEBUG;
				SWIFT_OPTIMIZATION_LEVEL = "-Onone";
			};
			name = Debug;
		};
		8246B5862657809800EBBDCE /* Release */ = {
			isa = XCBuildConfiguration;
			buildSettings = {
				ALWAYS_SEARCH_USER_PATHS = NO;
				CLANG_ANALYZER_NONNULL = YES;
				CLANG_ANALYZER_NUMBER_OBJECT_CONVERSION = YES_AGGRESSIVE;
				CLANG_CXX_LANGUAGE_STANDARD = "gnu++14";
				CLANG_CXX_LIBRARY = "libc++";
				CLANG_ENABLE_MODULES = YES;
				CLANG_ENABLE_OBJC_ARC = YES;
				CLANG_ENABLE_OBJC_WEAK = YES;
				CLANG_WARN_BLOCK_CAPTURE_AUTORELEASING = YES;
				CLANG_WARN_BOOL_CONVERSION = YES;
				CLANG_WARN_COMMA = YES;
				CLANG_WARN_CONSTANT_CONVERSION = YES;
				CLANG_WARN_DEPRECATED_OBJC_IMPLEMENTATIONS = YES;
				CLANG_WARN_DIRECT_OBJC_ISA_USAGE = YES_ERROR;
				CLANG_WARN_DOCUMENTATION_COMMENTS = YES;
				CLANG_WARN_EMPTY_BODY = YES;
				CLANG_WARN_ENUM_CONVERSION = YES;
				CLANG_WARN_INFINITE_RECURSION = YES;
				CLANG_WARN_INT_CONVERSION = YES;
				CLANG_WARN_NON_LITERAL_NULL_CONVERSION = YES;
				CLANG_WARN_OBJC_IMPLICIT_RETAIN_SELF = YES;
				CLANG_WARN_OBJC_LITERAL_CONVERSION = YES;
				CLANG_WARN_OBJC_ROOT_CLASS = YES_ERROR;
				CLANG_WARN_QUOTED_INCLUDE_IN_FRAMEWORK_HEADER = YES;
				CLANG_WARN_RANGE_LOOP_ANALYSIS = YES;
				CLANG_WARN_STRICT_PROTOTYPES = YES;
				CLANG_WARN_SUSPICIOUS_MOVE = YES;
				CLANG_WARN_UNGUARDED_AVAILABILITY = YES_AGGRESSIVE;
				CLANG_WARN_UNREACHABLE_CODE = YES;
				CLANG_WARN__DUPLICATE_METHOD_MATCH = YES;
				COPY_PHASE_STRIP = NO;
				DEBUG_INFORMATION_FORMAT = "dwarf-with-dsym";
				ENABLE_NS_ASSERTIONS = NO;
				ENABLE_STRICT_OBJC_MSGSEND = YES;
				GCC_C_LANGUAGE_STANDARD = gnu11;
				GCC_NO_COMMON_BLOCKS = YES;
				GCC_WARN_64_TO_32_BIT_CONVERSION = YES;
				GCC_WARN_ABOUT_RETURN_TYPE = YES_ERROR;
				GCC_WARN_UNDECLARED_SELECTOR = YES;
				GCC_WARN_UNINITIALIZED_AUTOS = YES_AGGRESSIVE;
				GCC_WARN_UNUSED_FUNCTION = YES;
				GCC_WARN_UNUSED_VARIABLE = YES;
				IPHONEOS_DEPLOYMENT_TARGET = 14.5;
				MTL_ENABLE_DEBUG_INFO = NO;
				MTL_FAST_MATH = YES;
				SDKROOT = iphoneos;
				SWIFT_COMPILATION_MODE = wholemodule;
				SWIFT_OPTIMIZATION_LEVEL = "-O";
				VALIDATE_PRODUCT = YES;
			};
			name = Release;
		};
		8246B5882657809800EBBDCE /* Debug */ = {
			isa = XCBuildConfiguration;
			baseConfigurationReference = F18733D592EA5EECEE7B4FBE /* Pods-iTunes API.debug.xcconfig */;
			buildSettings = {
				ASSETCATALOG_COMPILER_APPICON_NAME = AppIcon;
				ASSETCATALOG_COMPILER_GLOBAL_ACCENT_COLOR_NAME = AccentColor;
				CODE_SIGN_STYLE = Automatic;
				DEVELOPMENT_TEAM = 5JWA4V259W;
				INFOPLIST_FILE = "iTunes API/Info.plist";
				LD_RUNPATH_SEARCH_PATHS = (
					"$(inherited)",
					"@executable_path/Frameworks",
				);
				PRODUCT_BUNDLE_IDENTIFIER = "com.jeremiebitancor.iTunes-API";
				PRODUCT_NAME = "$(TARGET_NAME)";
				SWIFT_VERSION = 5.0;
				TARGETED_DEVICE_FAMILY = "1,2";
			};
			name = Debug;
		};
		8246B5892657809800EBBDCE /* Release */ = {
			isa = XCBuildConfiguration;
			baseConfigurationReference = 3E15C04785F311905832A16C /* Pods-iTunes API.release.xcconfig */;
			buildSettings = {
				ASSETCATALOG_COMPILER_APPICON_NAME = AppIcon;
				ASSETCATALOG_COMPILER_GLOBAL_ACCENT_COLOR_NAME = AccentColor;
				CODE_SIGN_STYLE = Automatic;
				DEVELOPMENT_TEAM = 5JWA4V259W;
				INFOPLIST_FILE = "iTunes API/Info.plist";
				LD_RUNPATH_SEARCH_PATHS = (
					"$(inherited)",
					"@executable_path/Frameworks",
				);
				PRODUCT_BUNDLE_IDENTIFIER = "com.jeremiebitancor.iTunes-API";
				PRODUCT_NAME = "$(TARGET_NAME)";
				SWIFT_VERSION = 5.0;
				TARGETED_DEVICE_FAMILY = "1,2";
			};
			name = Release;
		};
/* End XCBuildConfiguration section */

/* Begin XCConfigurationList section */
		8246B56E2657809700EBBDCE /* Build configuration list for PBXProject "iTunes API" */ = {
			isa = XCConfigurationList;
			buildConfigurations = (
				8246B5852657809800EBBDCE /* Debug */,
				8246B5862657809800EBBDCE /* Release */,
			);
			defaultConfigurationIsVisible = 0;
			defaultConfigurationName = Release;
		};
		8246B5872657809800EBBDCE /* Build configuration list for PBXNativeTarget "iTunes API" */ = {
			isa = XCConfigurationList;
			buildConfigurations = (
				8246B5882657809800EBBDCE /* Debug */,
				8246B5892657809800EBBDCE /* Release */,
			);
			defaultConfigurationIsVisible = 0;
			defaultConfigurationName = Release;
		};
/* End XCConfigurationList section */
	};
	rootObject = 8246B56B2657809700EBBDCE /* Project object */;
}
